
Microsoft Visual Studio Solution File, Format Version 12.00
# Visual Studio 2012
Project("{00D1A9C2-B5F0-4AF3-8072-F6C62B433612}") = "DamagedProperty", "DamagedProperty\DamagedProperty.sqlproj", "{74FC3935-E5E1-4B4A-9D74-32CFFD5000D3}"
EndProject
Global
	GlobalSection(SolutionConfigurationPlatforms) = preSolution
		Debug|Any CPU = Debug|Any CPU
		Release|Any CPU = Release|Any CPU
	EndGlobalSection
	GlobalSection(ProjectConfigurationPlatforms) = postSolution
		{74FC3935-E5E1-4B4A-9D74-32CFFD5000D3}.Debug|Any CPU.ActiveCfg = Debug|Any CPU
		{74FC3935-E5E1-4B4A-9D74-32CFFD5000D3}.Debug|Any CPU.Build.0 = Debug|Any CPU
		{74FC3935-E5E1-4B4A-9D74-32CFFD5000D3}.Debug|Any CPU.Deploy.0 = Debug|Any CPU
		{74FC3935-E5E1-4B4A-9D74-32CFFD5000D3}.Release|Any CPU.ActiveCfg = Release|Any CPU
		{74FC3935-E5E1-4B4A-9D74-32CFFD5000D3}.Release|Any CPU.Build.0 = Release|Any CPU
		{74FC3935-E5E1-4B4A-9D74-32CFFD5000D3}.Release|Any CPU.Deploy.0 = Release|Any CPU
	EndGlobalSection
	GlobalSection(SolutionProperties) = preSolution
		HideSolutionNode = FALSE
	EndGlobalSection
EndGlobal
